
Microsoft Visual Studio Solution File, Format Version 12.00
# Visual Studio Version 17
VisualStudioVersion = 17.1.32319.34
MinimumVisualStudioVersion = 10.0.40219.1
Project("{FAE04EC0-301F-11D3-BF4B-00C04F79EFBC}") = "prijestupneGodine", "prijestupneGodine.csproj", "{E94AC70E-7E23-4CDE-AD49-2EB26FFB84E6}"
EndProject
Global
	GlobalSection(SolutionConfigurationPlatforms) = preSolution
		Debug|Any CPU = Debug|Any CPU
		Release|Any CPU = Release|Any CPU
	EndGlobalSection
	GlobalSection(ProjectConfigurationPlatforms) = postSolution
		{E94AC70E-7E23-4CDE-AD49-2EB26FFB84E6}.Debug|Any CPU.ActiveCfg = Debug|Any CPU
		{E94AC70E-7E23-4CDE-AD49-2EB26FFB84E6}.Debug|Any CPU.Build.0 = Debug|Any CPU
		{E94AC70E-7E23-4CDE-AD49-2EB26FFB84E6}.Release|Any CPU.ActiveCfg = Release|Any CPU
		{E94AC70E-7E23-4CDE-AD49-2EB26FFB84E6}.Release|Any CPU.Build.0 = Release|Any CPU
	EndGlobalSection
	GlobalSection(SolutionProperties) = preSolution
		HideSolutionNode = FALSE
	EndGlobalSection
	GlobalSection(ExtensibilityGlobals) = postSolution
		SolutionGuid = {CBBC6F60-3012-425B-9EEC-E12E3C83A8B6}
	EndGlobalSection
EndGlobal
